<?xml version="1.0" encoding="utf-8"?>
<Project ToolsVersion="4.0" xmlns="http://schemas.microsoft.com/developer/msbuild/2003">
  <ItemGroup>
    <Filter Include="Исходные файлы">
      <UniqueIdentifier>{4FC737F1-C7A5-4376-A066-2A32D752A2FF}</UniqueIdentifier>
      <Extensions>cpp;c;cc;cxx;c++;cppm;ixx;def;odl;idl;hpj;bat;asm;asmx</Extensions>
    </Filter>
    <Filter Include="Файлы заголовков">
      <UniqueIdentifier>{93995380-89BD-4b04-88EB-625FBE52EBFB}</UniqueIdentifier>
      <Extensions>h;hh;hpp;hxx;h++;hm;inl;inc;ipp;xsd</Extensions>
    </Filter>
    <Filter Include="Файлы ресурсов">
      <UniqueIdentifier>{67DA6AB6-F800-4c08-8B7A-83BB121AAD01}</UniqueIdentifier>
      <Extensions>rc;ico;cur;bmp;dlg;rc2;rct;bin;rgs;gif;jpg;jpeg;jpe;resx;tiff;tif;png;wav;mfcribbon-ms</Extensions>
    </Filter>
    <Filter Include="Файлы заголовков\imgui">
      <UniqueIdentifier>{21c0d060-1bf8-43c3-89f3-25755d18f96c}</UniqueIdentifier>
    </Filter>
    <Filter Include="Файлы ресурсов\imgui">
      <UniqueIdentifier>{a70d3d76-351a-46dd-940f-02f1f19d8682}</UniqueIdentifier>
    </Filter>
    <Filter Include="Исходные файлы\imgui">
      <UniqueIdentifier>{a265b808-c005-400a-84bd-7d8030e7f7d6}</UniqueIdentifier>
    </Filter>
  </ItemGroup>
  <ItemGroup>
    <ClCompile Include="main.cpp">
      <Filter>Исходные файлы</Filter>
    </ClCompile>
    <ClCompile Include="..\ImGui\imgui.cpp">
      <Filter>Исходные файлы\imgui</Filter>
    </ClCompile>
    <ClCompile Include="..\ImGui\imgui_demo.cpp">
      <Filter>Исходные файлы\imgui</Filter>
    </ClCompile>
    <ClCompile Include="..\ImGui\imgui_draw.cpp">
      <Filter>Исходные файлы\imgui</Filter>
    </ClCompile>
    <ClCompile Include="..\ImGui\imgui_tables.cpp">
      <Filter>Исходные файлы\imgui</Filter>
    </ClCompile>
    <ClCompile Include="..\ImGui\imgui_widgets.cpp">
      <Filter>Исходные файлы\imgui</Filter>
    </ClCompile>
    <ClCompile Include="..\ImGui\backends\imgui_impl_glfw.cpp">
      <Filter>Исходные файлы\imgui</Filter>
    </ClCompile>
    <ClCompile Include="..\ImGui\backends\imgui_impl_opengl3.cpp">
      <Filter>Исходные файлы\imgui</Filter>
    </ClCompile>
  </ItemGroup>
  <ItemGroup>
    <ClInclude Include="..\ImGui\imconfig.h">
      <Filter>Файлы заголовков\imgui</Filter>
    </ClInclude>
    <ClInclude Include="..\ImGui\imgui.h">
      <Filter>Файлы заголовков\imgui</Filter>
    </ClInclude>
    <ClInclude Include="..\ImGui\imgui_internal.h">
      <Filter>Файлы заголовков\imgui</Filter>
    </ClInclude>
    <ClInclude Include="..\ImGui\imstb_rectpack.h">
      <Filter>Файлы заголовков\imgui</Filter>
    </ClInclude>
    <ClInclude Include="..\ImGui\imstb_textedit.h">
      <Filter>Файлы заголовков\imgui</Filter>
    </ClInclude>
    <ClInclude Include="..\ImGui\imstb_truetype.h">
      <Filter>Файлы заголовков\imgui</Filter>
    </ClInclude>
    <ClInclude Include="..\ImGui\backends\imgui_impl_glfw.h">
      <Filter>Файлы заголовков\imgui</Filter>
    </ClInclude>
    <ClInclude Include="..\ImGui\backends\imgui_impl_opengl3.h">
      <Filter>Файлы заголовков\imgui</Filter>
    </ClInclude>
    <ClInclude Include="..\ImGui\backends\imgui_impl_opengl3_loader.h">
      <Filter>Файлы заголовков\imgui</Filter>
    </ClInclude>
  </ItemGroup>
  <ItemGroup>
    <None Include="..\ImGui\misc\debuggers\imgui.gdb">
      <Filter>Исходные файлы\imgui</Filter>
    </None>
    <None Include="..\ImGui\misc\debuggers\imgui.natstepfilter">
      <Filter>Исходные файлы\imgui</Filter>
    </None>
  </ItemGroup>
  <ItemGroup>
    <Natvis Include="..\ImGui\misc\debuggers\imgui.natvis">
      <Filter>Исходные файлы\imgui</Filter>
    </Natvis>
  </ItemGroup>
</Project>